
Microsoft Visual Studio Solution File, Format Version 12.00
# Visual Studio Version 16
VisualStudioVersion = 16.0.30503.244
MinimumVisualStudioVersion = 10.0.40219.1
Project("{FAE04EC0-301F-11D3-BF4B-00C04F79EFBC}") = "XSpammer", "XSpammer.csproj", "{EC6D489C-BA78-45B1-A171-7C7F4D7A71D3}"
EndProject
Global
	GlobalSection(SolutionConfigurationPlatforms) = preSolution
		Debug|Any CPU = Debug|Any CPU
		Release|Any CPU = Release|Any CPU
	EndGlobalSection
	GlobalSection(ProjectConfigurationPlatforms) = postSolution
		{EC6D489C-BA78-45B1-A171-7C7F4D7A71D3}.Debug|Any CPU.ActiveCfg = Debug|Any CPU
		{EC6D489C-BA78-45B1-A171-7C7F4D7A71D3}.Debug|Any CPU.Build.0 = Debug|Any CPU
		{EC6D489C-BA78-45B1-A171-7C7F4D7A71D3}.Release|Any CPU.ActiveCfg = Release|Any CPU
		{EC6D489C-BA78-45B1-A171-7C7F4D7A71D3}.Release|Any CPU.Build.0 = Release|Any CPU
	EndGlobalSection
	GlobalSection(SolutionProperties) = preSolution
		HideSolutionNode = FALSE
	EndGlobalSection
	GlobalSection(ExtensibilityGlobals) = postSolution
		SolutionGuid = {2AC9ED4A-480B-4D3F-9EBD-9F5BF48FC596}
	EndGlobalSection
EndGlobal
